
Microsoft Visual Studio Solution File, Format Version 12.00
# Visual Studio 15
VisualStudioVersion = 15.0.26430.13
MinimumVisualStudioVersion = 10.0.40219.1
Project("{FAE04EC0-301F-11D3-BF4B-00C04F79EFBC}") = "NBD_Project", "NBD_Project\NBD_Project.csproj", "{842A8007-1332-4196-BC75-9122195FE022}"
EndProject
Global
	GlobalSection(SolutionConfigurationPlatforms) = preSolution
		Debug|Any CPU = Debug|Any CPU
		Release|Any CPU = Release|Any CPU
	EndGlobalSection
	GlobalSection(ProjectConfigurationPlatforms) = postSolution
		{842A8007-1332-4196-BC75-9122195FE022}.Debug|Any CPU.ActiveCfg = Debug|Any CPU
		{842A8007-1332-4196-BC75-9122195FE022}.Debug|Any CPU.Build.0 = Debug|Any CPU
		{842A8007-1332-4196-BC75-9122195FE022}.Release|Any CPU.ActiveCfg = Release|Any CPU
		{842A8007-1332-4196-BC75-9122195FE022}.Release|Any CPU.Build.0 = Release|Any CPU
	EndGlobalSection
	GlobalSection(SolutionProperties) = preSolution
		HideSolutionNode = FALSE
	EndGlobalSection
	GlobalSection(ExtensibilityGlobals) = postSolution
		SolutionGuid = {CAF7C932-CC17-4BFD-BCF9-E7B8D10A5992}
	EndGlobalSection
EndGlobal
